
Microsoft Visual Studio Solution File, Format Version 12.00
# Visual Studio 15
VisualStudioVersion = 15.0.27428.2037
MinimumVisualStudioVersion = 10.0.40219.1
Project("{FAE04EC0-301F-11D3-BF4B-00C04F79EFBC}") = "Bubble Sort", "Bubble Sort\Bubble Sort.csproj", "{68E829C8-EB07-4B5E-8289-EB330F1AD498}"
EndProject
Global
	GlobalSection(SolutionConfigurationPlatforms) = preSolution
		Debug|Any CPU = Debug|Any CPU
		Release|Any CPU = Release|Any CPU
	EndGlobalSection
	GlobalSection(ProjectConfigurationPlatforms) = postSolution
		{68E829C8-EB07-4B5E-8289-EB330F1AD498}.Debug|Any CPU.ActiveCfg = Debug|Any CPU
		{68E829C8-EB07-4B5E-8289-EB330F1AD498}.Debug|Any CPU.Build.0 = Debug|Any CPU
		{68E829C8-EB07-4B5E-8289-EB330F1AD498}.Release|Any CPU.ActiveCfg = Release|Any CPU
		{68E829C8-EB07-4B5E-8289-EB330F1AD498}.Release|Any CPU.Build.0 = Release|Any CPU
	EndGlobalSection
	GlobalSection(SolutionProperties) = preSolution
		HideSolutionNode = FALSE
	EndGlobalSection
	GlobalSection(ExtensibilityGlobals) = postSolution
		SolutionGuid = {577D0164-BE9A-48EF-A16A-C29CC61CD894}
	EndGlobalSection
EndGlobal
